
Microsoft Visual Studio Solution File, Format Version 12.00
# Visual Studio Version 17
VisualStudioVersion = 17.9.34701.34
MinimumVisualStudioVersion = 10.0.40219.1
Project("{9A19103F-16F7-4668-BE54-9A1E7A4F7556}") = "Rookies_ASP.NETCoreMVC.WebApp", "Rookies_ASP.NETCoreMVC.WebApp\Rookies_ASP.NETCoreMVC.WebApp.csproj", "{062CBF82-DC91-4C7D-A379-DB9643F73049}"
EndProject
Project("{9A19103F-16F7-4668-BE54-9A1E7A4F7556}") = "Rookies_ASP.NETCoreMVC.Models", "Rookies_ASP.NETCoreMVC.Models\Rookies_ASP.NETCoreMVC.Models.csproj", "{8919DC78-3087-41A5-8113-A91812DAAE04}"
EndProject
Project("{9A19103F-16F7-4668-BE54-9A1E7A4F7556}") = "Rookies_ASP.NETCoreMVC.BusinessLogic", "Rookies_ASP.NETCoreMVC.BusinessLogic\Rookies_ASP.NETCoreMVC.BusinessLogic.csproj", "{1C808E1F-2007-4C65-A8BD-948F570E8FDA}"
EndProject
Project("{9A19103F-16F7-4668-BE54-9A1E7A4F7556}") = "Rookies_ASP.NETCoreMVC.Shared", "Rookies_ASP.NETCoreMVC.Shared\Rookies_ASP.NETCoreMVC.Shared.csproj", "{E4E861DF-BC0F-4814-B3D0-9DE511EE828C}"
EndProject
Project("{9A19103F-16F7-4668-BE54-9A1E7A4F7556}") = "Rookies_ASP.NETCoreMVC.TestController", "Rookies_ASP.NETCoreMVC.TestController\Rookies_ASP.NETCoreMVC.TestController.csproj", "{C95C5F3B-EC5E-48B2-A25A-F4CC4CA9EBE7}"
EndProject
Project("{FAE04EC0-301F-11D3-BF4B-00C04F79EFBC}") = "Rookies_ASP.NETCoreMVC.TestBusiness", "Rookies_ASP.NETCoreMVC.TestBusiness\Rookies_ASP.NETCoreMVC.TestBusiness.csproj", "{F7C0D9A6-C10F-450A-ABF6-C087A4C8E902}"
EndProject
Global
	GlobalSection(SolutionConfigurationPlatforms) = preSolution
		Debug|Any CPU = Debug|Any CPU
		Release|Any CPU = Release|Any CPU
	EndGlobalSection
	GlobalSection(ProjectConfigurationPlatforms) = postSolution
		{062CBF82-DC91-4C7D-A379-DB9643F73049}.Debug|Any CPU.ActiveCfg = Debug|Any CPU
		{062CBF82-DC91-4C7D-A379-DB9643F73049}.Debug|Any CPU.Build.0 = Debug|Any CPU
		{062CBF82-DC91-4C7D-A379-DB9643F73049}.Release|Any CPU.ActiveCfg = Release|Any CPU
		{062CBF82-DC91-4C7D-A379-DB9643F73049}.Release|Any CPU.Build.0 = Release|Any CPU
		{8919DC78-3087-41A5-8113-A91812DAAE04}.Debug|Any CPU.ActiveCfg = Debug|Any CPU
		{8919DC78-3087-41A5-8113-A91812DAAE04}.Debug|Any CPU.Build.0 = Debug|Any CPU
		{8919DC78-3087-41A5-8113-A91812DAAE04}.Release|Any CPU.ActiveCfg = Release|Any CPU
		{8919DC78-3087-41A5-8113-A91812DAAE04}.Release|Any CPU.Build.0 = Release|Any CPU
		{1C808E1F-2007-4C65-A8BD-948F570E8FDA}.Debug|Any CPU.ActiveCfg = Debug|Any CPU
		{1C808E1F-2007-4C65-A8BD-948F570E8FDA}.Debug|Any CPU.Build.0 = Debug|Any CPU
		{1C808E1F-2007-4C65-A8BD-948F570E8FDA}.Release|Any CPU.ActiveCfg = Release|Any CPU
		{1C808E1F-2007-4C65-A8BD-948F570E8FDA}.Release|Any CPU.Build.0 = Release|Any CPU
		{E4E861DF-BC0F-4814-B3D0-9DE511EE828C}.Debug|Any CPU.ActiveCfg = Debug|Any CPU
		{E4E861DF-BC0F-4814-B3D0-9DE511EE828C}.Debug|Any CPU.Build.0 = Debug|Any CPU
		{E4E861DF-BC0F-4814-B3D0-9DE511EE828C}.Release|Any CPU.ActiveCfg = Release|Any CPU
		{E4E861DF-BC0F-4814-B3D0-9DE511EE828C}.Release|Any CPU.Build.0 = Release|Any CPU
		{C95C5F3B-EC5E-48B2-A25A-F4CC4CA9EBE7}.Debug|Any CPU.ActiveCfg = Debug|Any CPU
		{C95C5F3B-EC5E-48B2-A25A-F4CC4CA9EBE7}.Debug|Any CPU.Build.0 = Debug|Any CPU
		{C95C5F3B-EC5E-48B2-A25A-F4CC4CA9EBE7}.Release|Any CPU.ActiveCfg = Release|Any CPU
		{C95C5F3B-EC5E-48B2-A25A-F4CC4CA9EBE7}.Release|Any CPU.Build.0 = Release|Any CPU
		{F7C0D9A6-C10F-450A-ABF6-C087A4C8E902}.Debug|Any CPU.ActiveCfg = Debug|Any CPU
		{F7C0D9A6-C10F-450A-ABF6-C087A4C8E902}.Debug|Any CPU.Build.0 = Debug|Any CPU
		{F7C0D9A6-C10F-450A-ABF6-C087A4C8E902}.Release|Any CPU.ActiveCfg = Release|Any CPU
		{F7C0D9A6-C10F-450A-ABF6-C087A4C8E902}.Release|Any CPU.Build.0 = Release|Any CPU
	EndGlobalSection
	GlobalSection(SolutionProperties) = preSolution
		HideSolutionNode = FALSE
	EndGlobalSection
	GlobalSection(ExtensibilityGlobals) = postSolution
		SolutionGuid = {9C265F86-D810-4400-BF9B-82291D2226B4}
	EndGlobalSection
EndGlobal
